Microsoft Visual Studio Solution File, Format Version 12.00
# Visual Studio 14
Project("{2150E333-8FDC-42A3-9474-1A3956D46DE8}") = "3rdparty", "3rdparty", "{7793349F-5691-3F87-98AE-0B6EA57DA878}"
EndProject
Project("{2150E333-8FDC-42A3-9474-1A3956D46DE8}") = "CMakeTargets", "CMakeTargets", "{DE9B0231-ABB9-325A-AE70-FF9D0785185A}"
EndProject
Project("{2150E333-8FDC-42A3-9474-1A3956D46DE8}") = "modules", "modules", "{EC7C14A0-0C69-3443-93E6-24F8880FC538}"
EndProject
Project("{2150E333-8FDC-42A3-9474-1A3956D46DE8}") = "object_libraries", "object_libraries", "{910CC028-5918-36FA-8E13-CDA05DF926C3}"
EndProject
Project("{8BC9CEB8-8B4A-11D0-8D11-00A0C91BC942}") = "ALL_BUILD", "ALL_BUILD.vcxproj", "{13CA7544-7083-3D90-9D5F-62EA10C3B006}"
	ProjectSection(ProjectDependencies) = postProject
		{3E4A34AE-861B-3EC7-B54D-844DAFAE1C5C} = {3E4A34AE-861B-3EC7-B54D-844DAFAE1C5C}
		{4CEFEA97-BEB3-34D0-9EA9-E82662F1B8A0} = {4CEFEA97-BEB3-34D0-9EA9-E82662F1B8A0}
	EndProjectSection
EndProject
Project("{8BC9CEB8-8B4A-11D0-8D11-00A0C91BC942}") = "INSTALL", "INSTALL.vcxproj", "{EF472976-7FF4-3EE8-B7BB-5A3A6A366CFC}"
	ProjectSection(ProjectDependencies) = postProject
		{13CA7544-7083-3D90-9D5F-62EA10C3B006} = {13CA7544-7083-3D90-9D5F-62EA10C3B006}
		{3E4A34AE-861B-3EC7-B54D-844DAFAE1C5C} = {3E4A34AE-861B-3EC7-B54D-844DAFAE1C5C}
	EndProjectSection
EndProject
Project("{8BC9CEB8-8B4A-11D0-8D11-00A0C91BC942}") = "IlmImf", "..\..\3rdparty\openexr\IlmImf.vcxproj", "{6CF388F0-87E8-377A-BCE4-2F4EA36945D0}"
	ProjectSection(ProjectDependencies) = postProject
		{3E4A34AE-861B-3EC7-B54D-844DAFAE1C5C} = {3E4A34AE-861B-3EC7-B54D-844DAFAE1C5C}
		{9DE97627-DA1B-33A7-A819-702C884AB2EC} = {9DE97627-DA1B-33A7-A819-702C884AB2EC}
	EndProjectSection
EndProject
Project("{8BC9CEB8-8B4A-11D0-8D11-00A0C91BC942}") = "PACKAGE", "PACKAGE.vcxproj", "{AA00247D-44BC-3A5C-9B41-87930243D536}"
	ProjectSection(ProjectDependencies) = postProject
		{13CA7544-7083-3D90-9D5F-62EA10C3B006} = {13CA7544-7083-3D90-9D5F-62EA10C3B006}
		{3E4A34AE-861B-3EC7-B54D-844DAFAE1C5C} = {3E4A34AE-861B-3EC7-B54D-844DAFAE1C5C}
	EndProjectSection
EndProject
Project("{8BC9CEB8-8B4A-11D0-8D11-00A0C91BC942}") = "ZERO_CHECK", "..\..\\ZERO_CHECK.vcxproj", "{3E4A34AE-861B-3EC7-B54D-844DAFAE1C5C}"
	ProjectSection(ProjectDependencies) = postProject
	EndProjectSection
EndProject
Project("{8BC9CEB8-8B4A-11D0-8D11-00A0C91BC942}") = "libjasper", "..\..\3rdparty\libjasper\libjasper.vcxproj", "{26CF97D1-31E7-3D18-8F95-E0CC62ABA29F}"
	ProjectSection(ProjectDependencies) = postProject
		{3E4A34AE-861B-3EC7-B54D-844DAFAE1C5C} = {3E4A34AE-861B-3EC7-B54D-844DAFAE1C5C}
	EndProjectSection
EndProject
Project("{8BC9CEB8-8B4A-11D0-8D11-00A0C91BC942}") = "libjpeg", "..\..\3rdparty\libjpeg\libjpeg.vcxproj", "{CE56E521-2363-352B-BFCB-7B3DF9ACA4E4}"
	ProjectSection(ProjectDependencies) = postProject
		{3E4A34AE-861B-3EC7-B54D-844DAFAE1C5C} = {3E4A34AE-861B-3EC7-B54D-844DAFAE1C5C}
	EndProjectSection
EndProject
Project("{8BC9CEB8-8B4A-11D0-8D11-00A0C91BC942}") = "libpng", "..\..\3rdparty\libpng\libpng.vcxproj", "{C0535689-7256-30CB-8798-4B991F1BD2A7}"
	ProjectSection(ProjectDependencies) = postProject
		{3E4A34AE-861B-3EC7-B54D-844DAFAE1C5C} = {3E4A34AE-861B-3EC7-B54D-844DAFAE1C5C}
		{9DE97627-DA1B-33A7-A819-702C884AB2EC} = {9DE97627-DA1B-33A7-A819-702C884AB2EC}
	EndProjectSection
EndProject
Project("{8BC9CEB8-8B4A-11D0-8D11-00A0C91BC942}") = "libtiff", "..\..\3rdparty\libtiff\libtiff.vcxproj", "{7BC19B24-E7C5-34E4-BB6A-33B1C232E385}"
	ProjectSection(ProjectDependencies) = postProject
		{3E4A34AE-861B-3EC7-B54D-844DAFAE1C5C} = {3E4A34AE-861B-3EC7-B54D-844DAFAE1C5C}
		{9DE97627-DA1B-33A7-A819-702C884AB2EC} = {9DE97627-DA1B-33A7-A819-702C884AB2EC}
	EndProjectSection
EndProject
Project("{8BC9CEB8-8B4A-11D0-8D11-00A0C91BC942}") = "libwebp", "..\..\3rdparty\libwebp\libwebp.vcxproj", "{3A98F7BE-26E0-3600-B98C-DDFA56011DA6}"
	ProjectSection(ProjectDependencies) = postProject
		{3E4A34AE-861B-3EC7-B54D-844DAFAE1C5C} = {3E4A34AE-861B-3EC7-B54D-844DAFAE1C5C}
	EndProjectSection
EndProject
Project("{8BC9CEB8-8B4A-11D0-8D11-00A0C91BC942}") = "opencv_core", "..\core\opencv_core.vcxproj", "{CC47B383-2834-39FB-B452-B966C9D2D367}"
	ProjectSection(ProjectDependencies) = postProject
		{3E4A34AE-861B-3EC7-B54D-844DAFAE1C5C} = {3E4A34AE-861B-3EC7-B54D-844DAFAE1C5C}
		{42D96F2B-BC36-32E8-A05E-AB34CDF2305E} = {42D96F2B-BC36-32E8-A05E-AB34CDF2305E}
		{A3F6ACCE-0CE7-39C8-840A-B50CF85402F5} = {A3F6ACCE-0CE7-39C8-840A-B50CF85402F5}
		{9DE97627-DA1B-33A7-A819-702C884AB2EC} = {9DE97627-DA1B-33A7-A819-702C884AB2EC}
	EndProjectSection
EndProject
Project("{8BC9CEB8-8B4A-11D0-8D11-00A0C91BC942}") = "opencv_cudev", "..\cudev\opencv_cudev.vcxproj", "{42D96F2B-BC36-32E8-A05E-AB34CDF2305E}"
	ProjectSection(ProjectDependencies) = postProject
		{3E4A34AE-861B-3EC7-B54D-844DAFAE1C5C} = {3E4A34AE-861B-3EC7-B54D-844DAFAE1C5C}
		{A3F6ACCE-0CE7-39C8-840A-B50CF85402F5} = {A3F6ACCE-0CE7-39C8-840A-B50CF85402F5}
	EndProjectSection
EndProject
Project("{8BC9CEB8-8B4A-11D0-8D11-00A0C91BC942}") = "opencv_features2d", "..\features2d\opencv_features2d.vcxproj", "{78F9EEB4-22D7-397A-90A7-ADFF2B901A02}"
	ProjectSection(ProjectDependencies) = postProject
		{3E4A34AE-861B-3EC7-B54D-844DAFAE1C5C} = {3E4A34AE-861B-3EC7-B54D-844DAFAE1C5C}
		{CC47B383-2834-39FB-B452-B966C9D2D367} = {CC47B383-2834-39FB-B452-B966C9D2D367}
		{42D96F2B-BC36-32E8-A05E-AB34CDF2305E} = {42D96F2B-BC36-32E8-A05E-AB34CDF2305E}
		{78420FFA-7082-3DEA-BD7A-C42262938EAF} = {78420FFA-7082-3DEA-BD7A-C42262938EAF}
		{A3F6ACCE-0CE7-39C8-840A-B50CF85402F5} = {A3F6ACCE-0CE7-39C8-840A-B50CF85402F5}
		{8D4C992C-7E5C-3278-B34C-31FA749FCC0D} = {8D4C992C-7E5C-3278-B34C-31FA749FCC0D}
		{C1EB5D06-34DB-35CF-9B0B-70EFFCB4EF7E} = {C1EB5D06-34DB-35CF-9B0B-70EFFCB4EF7E}
		{DC0431E9-9D9C-311A-812B-34AE896BFA46} = {DC0431E9-9D9C-311A-812B-34AE896BFA46}
		{1361421D-5281-3250-8C23-0E5FCA1396D3} = {1361421D-5281-3250-8C23-0E5FCA1396D3}
		{3C5226A8-2C33-346A-9779-0FF306BA750B} = {3C5226A8-2C33-346A-9779-0FF306BA750B}
	EndProjectSection
EndProject
Project("{8BC9CEB8-8B4A-11D0-8D11-00A0C91BC942}") = "opencv_flann", "..\flann\opencv_flann.vcxproj", "{78420FFA-7082-3DEA-BD7A-C42262938EAF}"
	ProjectSection(ProjectDependencies) = postProject
		{3E4A34AE-861B-3EC7-B54D-844DAFAE1C5C} = {3E4A34AE-861B-3EC7-B54D-844DAFAE1C5C}
		{CC47B383-2834-39FB-B452-B966C9D2D367} = {CC47B383-2834-39FB-B452-B966C9D2D367}
		{42D96F2B-BC36-32E8-A05E-AB34CDF2305E} = {42D96F2B-BC36-32E8-A05E-AB34CDF2305E}
		{A3F6ACCE-0CE7-39C8-840A-B50CF85402F5} = {A3F6ACCE-0CE7-39C8-840A-B50CF85402F5}
	EndProjectSection
EndProject
Project("{8BC9CEB8-8B4A-11D0-8D11-00A0C91BC942}") = "opencv_hal", "..\hal\opencv_hal.vcxproj", "{A3F6ACCE-0CE7-39C8-840A-B50CF85402F5}"
	ProjectSection(ProjectDependencies) = postProject
		{3E4A34AE-861B-3EC7-B54D-844DAFAE1C5C} = {3E4A34AE-861B-3EC7-B54D-844DAFAE1C5C}
	EndProjectSection
EndProject
Project("{8BC9CEB8-8B4A-11D0-8D11-00A0C91BC942}") = "opencv_highgui", "..\highgui\opencv_highgui.vcxproj", "{8D4C992C-7E5C-3278-B34C-31FA749FCC0D}"
	ProjectSection(ProjectDependencies) = postProject
		{3E4A34AE-861B-3EC7-B54D-844DAFAE1C5C} = {3E4A34AE-861B-3EC7-B54D-844DAFAE1C5C}
		{CC47B383-2834-39FB-B452-B966C9D2D367} = {CC47B383-2834-39FB-B452-B966C9D2D367}
		{42D96F2B-BC36-32E8-A05E-AB34CDF2305E} = {42D96F2B-BC36-32E8-A05E-AB34CDF2305E}
		{A3F6ACCE-0CE7-39C8-840A-B50CF85402F5} = {A3F6ACCE-0CE7-39C8-840A-B50CF85402F5}
		{C1EB5D06-34DB-35CF-9B0B-70EFFCB4EF7E} = {C1EB5D06-34DB-35CF-9B0B-70EFFCB4EF7E}
		{DC0431E9-9D9C-311A-812B-34AE896BFA46} = {DC0431E9-9D9C-311A-812B-34AE896BFA46}
		{3C5226A8-2C33-346A-9779-0FF306BA750B} = {3C5226A8-2C33-346A-9779-0FF306BA750B}
	EndProjectSection
EndProject
Project("{8BC9CEB8-8B4A-11D0-8D11-00A0C91BC942}") = "opencv_imgcodecs", "..\imgcodecs\opencv_imgcodecs.vcxproj", "{C1EB5D06-34DB-35CF-9B0B-70EFFCB4EF7E}"
	ProjectSection(ProjectDependencies) = postProject
		{6CF388F0-87E8-377A-BCE4-2F4EA36945D0} = {6CF388F0-87E8-377A-BCE4-2F4EA36945D0}
		{3E4A34AE-861B-3EC7-B54D-844DAFAE1C5C} = {3E4A34AE-861B-3EC7-B54D-844DAFAE1C5C}
		{26CF97D1-31E7-3D18-8F95-E0CC62ABA29F} = {26CF97D1-31E7-3D18-8F95-E0CC62ABA29F}
		{CE56E521-2363-352B-BFCB-7B3DF9ACA4E4} = {CE56E521-2363-352B-BFCB-7B3DF9ACA4E4}
		{C0535689-7256-30CB-8798-4B991F1BD2A7} = {C0535689-7256-30CB-8798-4B991F1BD2A7}
		{7BC19B24-E7C5-34E4-BB6A-33B1C232E385} = {7BC19B24-E7C5-34E4-BB6A-33B1C232E385}
		{3A98F7BE-26E0-3600-B98C-DDFA56011DA6} = {3A98F7BE-26E0-3600-B98C-DDFA56011DA6}
		{CC47B383-2834-39FB-B452-B966C9D2D367} = {CC47B383-2834-39FB-B452-B966C9D2D367}
		{42D96F2B-BC36-32E8-A05E-AB34CDF2305E} = {42D96F2B-BC36-32E8-A05E-AB34CDF2305E}
		{A3F6ACCE-0CE7-39C8-840A-B50CF85402F5} = {A3F6ACCE-0CE7-39C8-840A-B50CF85402F5}
		{DC0431E9-9D9C-311A-812B-34AE896BFA46} = {DC0431E9-9D9C-311A-812B-34AE896BFA46}
		{9DE97627-DA1B-33A7-A819-702C884AB2EC} = {9DE97627-DA1B-33A7-A819-702C884AB2EC}
	EndProjectSection
EndProject
Project("{8BC9CEB8-8B4A-11D0-8D11-00A0C91BC942}") = "opencv_imgproc", "..\imgproc\opencv_imgproc.vcxproj", "{DC0431E9-9D9C-311A-812B-34AE896BFA46}"
	ProjectSection(ProjectDependencies) = postProject
		{3E4A34AE-861B-3EC7-B54D-844DAFAE1C5C} = {3E4A34AE-861B-3EC7-B54D-844DAFAE1C5C}
		{CC47B383-2834-39FB-B452-B966C9D2D367} = {CC47B383-2834-39FB-B452-B966C9D2D367}
		{42D96F2B-BC36-32E8-A05E-AB34CDF2305E} = {42D96F2B-BC36-32E8-A05E-AB34CDF2305E}
		{A3F6ACCE-0CE7-39C8-840A-B50CF85402F5} = {A3F6ACCE-0CE7-39C8-840A-B50CF85402F5}
	EndProjectSection
EndProject
Project("{8BC9CEB8-8B4A-11D0-8D11-00A0C91BC942}") = "opencv_line_descriptor", "opencv_line_descriptor.vcxproj", "{4CEFEA97-BEB3-34D0-9EA9-E82662F1B8A0}"
	ProjectSection(ProjectDependencies) = postProject
		{3E4A34AE-861B-3EC7-B54D-844DAFAE1C5C} = {3E4A34AE-861B-3EC7-B54D-844DAFAE1C5C}
		{CC47B383-2834-39FB-B452-B966C9D2D367} = {CC47B383-2834-39FB-B452-B966C9D2D367}
		{42D96F2B-BC36-32E8-A05E-AB34CDF2305E} = {42D96F2B-BC36-32E8-A05E-AB34CDF2305E}
		{78F9EEB4-22D7-397A-90A7-ADFF2B901A02} = {78F9EEB4-22D7-397A-90A7-ADFF2B901A02}
		{78420FFA-7082-3DEA-BD7A-C42262938EAF} = {78420FFA-7082-3DEA-BD7A-C42262938EAF}
		{A3F6ACCE-0CE7-39C8-840A-B50CF85402F5} = {A3F6ACCE-0CE7-39C8-840A-B50CF85402F5}
		{8D4C992C-7E5C-3278-B34C-31FA749FCC0D} = {8D4C992C-7E5C-3278-B34C-31FA749FCC0D}
		{C1EB5D06-34DB-35CF-9B0B-70EFFCB4EF7E} = {C1EB5D06-34DB-35CF-9B0B-70EFFCB4EF7E}
		{DC0431E9-9D9C-311A-812B-34AE896BFA46} = {DC0431E9-9D9C-311A-812B-34AE896BFA46}
		{1361421D-5281-3250-8C23-0E5FCA1396D3} = {1361421D-5281-3250-8C23-0E5FCA1396D3}
		{3C5226A8-2C33-346A-9779-0FF306BA750B} = {3C5226A8-2C33-346A-9779-0FF306BA750B}
	EndProjectSection
EndProject
Project("{8BC9CEB8-8B4A-11D0-8D11-00A0C91BC942}") = "opencv_line_descriptor_object", "opencv_line_descriptor_object.vcxproj", "{3270A79C-DFDF-3B7D-BD56-A22264BEC0C5}"
	ProjectSection(ProjectDependencies) = postProject
		{3E4A34AE-861B-3EC7-B54D-844DAFAE1C5C} = {3E4A34AE-861B-3EC7-B54D-844DAFAE1C5C}
	EndProjectSection
EndProject
Project("{8BC9CEB8-8B4A-11D0-8D11-00A0C91BC942}") = "opencv_ml", "..\ml\opencv_ml.vcxproj", "{1361421D-5281-3250-8C23-0E5FCA1396D3}"
	ProjectSection(ProjectDependencies) = postProject
		{3E4A34AE-861B-3EC7-B54D-844DAFAE1C5C} = {3E4A34AE-861B-3EC7-B54D-844DAFAE1C5C}
		{CC47B383-2834-39FB-B452-B966C9D2D367} = {CC47B383-2834-39FB-B452-B966C9D2D367}
		{42D96F2B-BC36-32E8-A05E-AB34CDF2305E} = {42D96F2B-BC36-32E8-A05E-AB34CDF2305E}
		{A3F6ACCE-0CE7-39C8-840A-B50CF85402F5} = {A3F6ACCE-0CE7-39C8-840A-B50CF85402F5}
	EndProjectSection
EndProject
Project("{8BC9CEB8-8B4A-11D0-8D11-00A0C91BC942}") = "opencv_videoio", "..\videoio\opencv_videoio.vcxproj", "{3C5226A8-2C33-346A-9779-0FF306BA750B}"
	ProjectSection(ProjectDependencies) = postProject
		{3E4A34AE-861B-3EC7-B54D-844DAFAE1C5C} = {3E4A34AE-861B-3EC7-B54D-844DAFAE1C5C}
		{CC47B383-2834-39FB-B452-B966C9D2D367} = {CC47B383-2834-39FB-B452-B966C9D2D367}
		{42D96F2B-BC36-32E8-A05E-AB34CDF2305E} = {42D96F2B-BC36-32E8-A05E-AB34CDF2305E}
		{A3F6ACCE-0CE7-39C8-840A-B50CF85402F5} = {A3F6ACCE-0CE7-39C8-840A-B50CF85402F5}
		{C1EB5D06-34DB-35CF-9B0B-70EFFCB4EF7E} = {C1EB5D06-34DB-35CF-9B0B-70EFFCB4EF7E}
		{DC0431E9-9D9C-311A-812B-34AE896BFA46} = {DC0431E9-9D9C-311A-812B-34AE896BFA46}
	EndProjectSection
EndProject
Project("{8BC9CEB8-8B4A-11D0-8D11-00A0C91BC942}") = "zlib", "..\..\3rdparty\zlib\zlib.vcxproj", "{9DE97627-DA1B-33A7-A819-702C884AB2EC}"
	ProjectSection(ProjectDependencies) = postProject
		{3E4A34AE-861B-3EC7-B54D-844DAFAE1C5C} = {3E4A34AE-861B-3EC7-B54D-844DAFAE1C5C}
	EndProjectSection
EndProject
Global
	GlobalSection(SolutionConfigurationPlatforms) = preSolution
		Debug|x64 = Debug|x64
		Release|x64 = Release|x64
	EndGlobalSection
	GlobalSection(ProjectConfigurationPlatforms) = postSolution
		{13CA7544-7083-3D90-9D5F-62EA10C3B006}.Debug|x64.ActiveCfg = Debug|x64
		{13CA7544-7083-3D90-9D5F-62EA10C3B006}.Debug|x64.Build.0 = Debug|x64
		{13CA7544-7083-3D90-9D5F-62EA10C3B006}.Release|x64.ActiveCfg = Release|x64
		{13CA7544-7083-3D90-9D5F-62EA10C3B006}.Release|x64.Build.0 = Release|x64
		{EF472976-7FF4-3EE8-B7BB-5A3A6A366CFC}.Debug|x64.ActiveCfg = Debug|x64
		{EF472976-7FF4-3EE8-B7BB-5A3A6A366CFC}.Release|x64.ActiveCfg = Release|x64
		{6CF388F0-87E8-377A-BCE4-2F4EA36945D0}.Debug|x64.ActiveCfg = Debug|x64
		{6CF388F0-87E8-377A-BCE4-2F4EA36945D0}.Debug|x64.Build.0 = Debug|x64
		{6CF388F0-87E8-377A-BCE4-2F4EA36945D0}.Release|x64.ActiveCfg = Release|x64
		{6CF388F0-87E8-377A-BCE4-2F4EA36945D0}.Release|x64.Build.0 = Release|x64
		{AA00247D-44BC-3A5C-9B41-87930243D536}.Debug|x64.ActiveCfg = Debug|x64
		{AA00247D-44BC-3A5C-9B41-87930243D536}.Release|x64.ActiveCfg = Release|x64
		{3E4A34AE-861B-3EC7-B54D-844DAFAE1C5C}.Debug|x64.ActiveCfg = Debug|x64
		{3E4A34AE-861B-3EC7-B54D-844DAFAE1C5C}.Debug|x64.Build.0 = Debug|x64
		{3E4A34AE-861B-3EC7-B54D-844DAFAE1C5C}.Release|x64.ActiveCfg = Release|x64
		{3E4A34AE-861B-3EC7-B54D-844DAFAE1C5C}.Release|x64.Build.0 = Release|x64
		{26CF97D1-31E7-3D18-8F95-E0CC62ABA29F}.Debug|x64.ActiveCfg = Debug|x64
		{26CF97D1-31E7-3D18-8F95-E0CC62ABA29F}.Debug|x64.Build.0 = Debug|x64
		{26CF97D1-31E7-3D18-8F95-E0CC62ABA29F}.Release|x64.ActiveCfg = Release|x64
		{26CF97D1-31E7-3D18-8F95-E0CC62ABA29F}.Release|x64.Build.0 = Release|x64
		{CE56E521-2363-352B-BFCB-7B3DF9ACA4E4}.Debug|x64.ActiveCfg = Debug|x64
		{CE56E521-2363-352B-BFCB-7B3DF9ACA4E4}.Debug|x64.Build.0 = Debug|x64
		{CE56E521-2363-352B-BFCB-7B3DF9ACA4E4}.Release|x64.ActiveCfg = Release|x64
		{CE56E521-2363-352B-BFCB-7B3DF9ACA4E4}.Release|x64.Build.0 = Release|x64
		{C0535689-7256-30CB-8798-4B991F1BD2A7}.Debug|x64.ActiveCfg = Debug|x64
		{C0535689-7256-30CB-8798-4B991F1BD2A7}.Debug|x64.Build.0 = Debug|x64
		{C0535689-7256-30CB-8798-4B991F1BD2A7}.Release|x64.ActiveCfg = Release|x64
		{C0535689-7256-30CB-8798-4B991F1BD2A7}.Release|x64.Build.0 = Release|x64
		{7BC19B24-E7C5-34E4-BB6A-33B1C232E385}.Debug|x64.ActiveCfg = Debug|x64
		{7BC19B24-E7C5-34E4-BB6A-33B1C232E385}.Debug|x64.Build.0 = Debug|x64
		{7BC19B24-E7C5-34E4-BB6A-33B1C232E385}.Release|x64.ActiveCfg = Release|x64
		{7BC19B24-E7C5-34E4-BB6A-33B1C232E385}.Release|x64.Build.0 = Release|x64
		{3A98F7BE-26E0-3600-B98C-DDFA56011DA6}.Debug|x64.ActiveCfg = Debug|x64
		{3A98F7BE-26E0-3600-B98C-DDFA56011DA6}.Debug|x64.Build.0 = Debug|x64
		{3A98F7BE-26E0-3600-B98C-DDFA56011DA6}.Release|x64.ActiveCfg = Release|x64
		{3A98F7BE-26E0-3600-B98C-DDFA56011DA6}.Release|x64.Build.0 = Release|x64
		{CC47B383-2834-39FB-B452-B966C9D2D367}.Debug|x64.ActiveCfg = Debug|x64
		{CC47B383-2834-39FB-B452-B966C9D2D367}.Debug|x64.Build.0 = Debug|x64
		{CC47B383-2834-39FB-B452-B966C9D2D367}.Release|x64.ActiveCfg = Release|x64
		{CC47B383-2834-39FB-B452-B966C9D2D367}.Release|x64.Build.0 = Release|x64
		{42D96F2B-BC36-32E8-A05E-AB34CDF2305E}.Debug|x64.ActiveCfg = Debug|x64
		{42D96F2B-BC36-32E8-A05E-AB34CDF2305E}.Debug|x64.Build.0 = Debug|x64
		{42D96F2B-BC36-32E8-A05E-AB34CDF2305E}.Release|x64.ActiveCfg = Release|x64
		{42D96F2B-BC36-32E8-A05E-AB34CDF2305E}.Release|x64.Build.0 = Release|x64
		{78F9EEB4-22D7-397A-90A7-ADFF2B901A02}.Debug|x64.ActiveCfg = Debug|x64
		{78F9EEB4-22D7-397A-90A7-ADFF2B901A02}.Debug|x64.Build.0 = Debug|x64
		{78F9EEB4-22D7-397A-90A7-ADFF2B901A02}.Release|x64.ActiveCfg = Release|x64
		{78F9EEB4-22D7-397A-90A7-ADFF2B901A02}.Release|x64.Build.0 = Release|x64
		{78420FFA-7082-3DEA-BD7A-C42262938EAF}.Debug|x64.ActiveCfg = Debug|x64
		{78420FFA-7082-3DEA-BD7A-C42262938EAF}.Debug|x64.Build.0 = Debug|x64
		{78420FFA-7082-3DEA-BD7A-C42262938EAF}.Release|x64.ActiveCfg = Release|x64
		{78420FFA-7082-3DEA-BD7A-C42262938EAF}.Release|x64.Build.0 = Release|x64
		{A3F6ACCE-0CE7-39C8-840A-B50CF85402F5}.Debug|x64.ActiveCfg = Debug|x64
		{A3F6ACCE-0CE7-39C8-840A-B50CF85402F5}.Debug|x64.Build.0 = Debug|x64
		{A3F6ACCE-0CE7-39C8-840A-B50CF85402F5}.Release|x64.ActiveCfg = Release|x64
		{A3F6ACCE-0CE7-39C8-840A-B50CF85402F5}.Release|x64.Build.0 = Release|x64
		{8D4C992C-7E5C-3278-B34C-31FA749FCC0D}.Debug|x64.ActiveCfg = Debug|x64
		{8D4C992C-7E5C-3278-B34C-31FA749FCC0D}.Debug|x64.Build.0 = Debug|x64
		{8D4C992C-7E5C-3278-B34C-31FA749FCC0D}.Release|x64.ActiveCfg = Release|x64
		{8D4C992C-7E5C-3278-B34C-31FA749FCC0D}.Release|x64.Build.0 = Release|x64
		{C1EB5D06-34DB-35CF-9B0B-70EFFCB4EF7E}.Debug|x64.ActiveCfg = Debug|x64
		{C1EB5D06-34DB-35CF-9B0B-70EFFCB4EF7E}.Debug|x64.Build.0 = Debug|x64
		{C1EB5D06-34DB-35CF-9B0B-70EFFCB4EF7E}.Release|x64.ActiveCfg = Release|x64
		{C1EB5D06-34DB-35CF-9B0B-70EFFCB4EF7E}.Release|x64.Build.0 = Release|x64
		{DC0431E9-9D9C-311A-812B-34AE896BFA46}.Debug|x64.ActiveCfg = Debug|x64
		{DC0431E9-9D9C-311A-812B-34AE896BFA46}.Debug|x64.Build.0 = Debug|x64
		{DC0431E9-9D9C-311A-812B-34AE896BFA46}.Release|x64.ActiveCfg = Release|x64
		{DC0431E9-9D9C-311A-812B-34AE896BFA46}.Release|x64.Build.0 = Release|x64
		{4CEFEA97-BEB3-34D0-9EA9-E82662F1B8A0}.Debug|x64.ActiveCfg = Debug|x64
		{4CEFEA97-BEB3-34D0-9EA9-E82662F1B8A0}.Debug|x64.Build.0 = Debug|x64
		{4CEFEA97-BEB3-34D0-9EA9-E82662F1B8A0}.Release|x64.ActiveCfg = Release|x64
		{4CEFEA97-BEB3-34D0-9EA9-E82662F1B8A0}.Release|x64.Build.0 = Release|x64
		{3270A79C-DFDF-3B7D-BD56-A22264BEC0C5}.Debug|x64.ActiveCfg = Debug|x64
		{3270A79C-DFDF-3B7D-BD56-A22264BEC0C5}.Release|x64.ActiveCfg = Release|x64
		{1361421D-5281-3250-8C23-0E5FCA1396D3}.Debug|x64.ActiveCfg = Debug|x64
		{1361421D-5281-3250-8C23-0E5FCA1396D3}.Debug|x64.Build.0 = Debug|x64
		{1361421D-5281-3250-8C23-0E5FCA1396D3}.Release|x64.ActiveCfg = Release|x64
		{1361421D-5281-3250-8C23-0E5FCA1396D3}.Release|x64.Build.0 = Release|x64
		{3C5226A8-2C33-346A-9779-0FF306BA750B}.Debug|x64.ActiveCfg = Debug|x64
		{3C5226A8-2C33-346A-9779-0FF306BA750B}.Debug|x64.Build.0 = Debug|x64
		{3C5226A8-2C33-346A-9779-0FF306BA750B}.Release|x64.ActiveCfg = Release|x64
		{3C5226A8-2C33-346A-9779-0FF306BA750B}.Release|x64.Build.0 = Release|x64
		{9DE97627-DA1B-33A7-A819-702C884AB2EC}.Debug|x64.ActiveCfg = Debug|x64
		{9DE97627-DA1B-33A7-A819-702C884AB2EC}.Debug|x64.Build.0 = Debug|x64
		{9DE97627-DA1B-33A7-A819-702C884AB2EC}.Release|x64.ActiveCfg = Release|x64
		{9DE97627-DA1B-33A7-A819-702C884AB2EC}.Release|x64.Build.0 = Release|x64
	EndGlobalSection
	GlobalSection(NestedProjects) = preSolution
		{6CF388F0-87E8-377A-BCE4-2F4EA36945D0} = {7793349F-5691-3F87-98AE-0B6EA57DA878}
		{26CF97D1-31E7-3D18-8F95-E0CC62ABA29F} = {7793349F-5691-3F87-98AE-0B6EA57DA878}
		{CE56E521-2363-352B-BFCB-7B3DF9ACA4E4} = {7793349F-5691-3F87-98AE-0B6EA57DA878}
		{C0535689-7256-30CB-8798-4B991F1BD2A7} = {7793349F-5691-3F87-98AE-0B6EA57DA878}
		{7BC19B24-E7C5-34E4-BB6A-33B1C232E385} = {7793349F-5691-3F87-98AE-0B6EA57DA878}
		{3A98F7BE-26E0-3600-B98C-DDFA56011DA6} = {7793349F-5691-3F87-98AE-0B6EA57DA878}
		{9DE97627-DA1B-33A7-A819-702C884AB2EC} = {7793349F-5691-3F87-98AE-0B6EA57DA878}
		{13CA7544-7083-3D90-9D5F-62EA10C3B006} = {DE9B0231-ABB9-325A-AE70-FF9D0785185A}
		{EF472976-7FF4-3EE8-B7BB-5A3A6A366CFC} = {DE9B0231-ABB9-325A-AE70-FF9D0785185A}
		{AA00247D-44BC-3A5C-9B41-87930243D536} = {DE9B0231-ABB9-325A-AE70-FF9D0785185A}
		{3E4A34AE-861B-3EC7-B54D-844DAFAE1C5C} = {DE9B0231-ABB9-325A-AE70-FF9D0785185A}
		{CC47B383-2834-39FB-B452-B966C9D2D367} = {EC7C14A0-0C69-3443-93E6-24F8880FC538}
		{42D96F2B-BC36-32E8-A05E-AB34CDF2305E} = {EC7C14A0-0C69-3443-93E6-24F8880FC538}
		{78F9EEB4-22D7-397A-90A7-ADFF2B901A02} = {EC7C14A0-0C69-3443-93E6-24F8880FC538}
		{78420FFA-7082-3DEA-BD7A-C42262938EAF} = {EC7C14A0-0C69-3443-93E6-24F8880FC538}
		{A3F6ACCE-0CE7-39C8-840A-B50CF85402F5} = {EC7C14A0-0C69-3443-93E6-24F8880FC538}
		{8D4C992C-7E5C-3278-B34C-31FA749FCC0D} = {EC7C14A0-0C69-3443-93E6-24F8880FC538}
		{C1EB5D06-34DB-35CF-9B0B-70EFFCB4EF7E} = {EC7C14A0-0C69-3443-93E6-24F8880FC538}
		{DC0431E9-9D9C-311A-812B-34AE896BFA46} = {EC7C14A0-0C69-3443-93E6-24F8880FC538}
		{4CEFEA97-BEB3-34D0-9EA9-E82662F1B8A0} = {EC7C14A0-0C69-3443-93E6-24F8880FC538}
		{1361421D-5281-3250-8C23-0E5FCA1396D3} = {EC7C14A0-0C69-3443-93E6-24F8880FC538}
		{3C5226A8-2C33-346A-9779-0FF306BA750B} = {EC7C14A0-0C69-3443-93E6-24F8880FC538}
		{3270A79C-DFDF-3B7D-BD56-A22264BEC0C5} = {910CC028-5918-36FA-8E13-CDA05DF926C3}
	EndGlobalSection
	GlobalSection(ExtensibilityGlobals) = postSolution
	EndGlobalSection
	GlobalSection(ExtensibilityAddIns) = postSolution
	EndGlobalSection
EndGlobal
