<?xml version="1.0" encoding="UTF-8"?>
<Project ToolsVersion="14.0" xmlns="http://schemas.microsoft.com/developer/msbuild/2003">
  <ItemGroup>
    <ClCompile Include="E:\opencv\opencv_contrib-3.0.0\modules\xfeatures2d\src\brief.cpp">
      <Filter>Src</Filter>
    </ClCompile>
    <ClCompile Include="E:\opencv\opencv_contrib-3.0.0\modules\xfeatures2d\src\daisy.cpp">
      <Filter>Src</Filter>
    </ClCompile>
    <ClCompile Include="E:\opencv\opencv_contrib-3.0.0\modules\xfeatures2d\src\freak.cpp">
      <Filter>Src</Filter>
    </ClCompile>
    <ClCompile Include="E:\opencv\opencv_contrib-3.0.0\modules\xfeatures2d\src\latch.cpp">
      <Filter>Src</Filter>
    </ClCompile>
    <ClCompile Include="E:\opencv\opencv_contrib-3.0.0\modules\xfeatures2d\src\lucid.cpp">
      <Filter>Src</Filter>
    </ClCompile>
    <ClCompile Include="E:\opencv\opencv_contrib-3.0.0\modules\xfeatures2d\src\sift.cpp">
      <Filter>Src</Filter>
    </ClCompile>
    <ClCompile Include="E:\opencv\opencv_contrib-3.0.0\modules\xfeatures2d\src\stardetector.cpp">
      <Filter>Src</Filter>
    </ClCompile>
    <ClCompile Include="E:\opencv\opencv_contrib-3.0.0\modules\xfeatures2d\src\surf.cpp">
      <Filter>Src</Filter>
    </ClCompile>
    <ClCompile Include="E:\opencv\opencv_contrib-3.0.0\modules\xfeatures2d\src\surf.cuda.cpp">
      <Filter>Src</Filter>
    </ClCompile>
    <ClCompile Include="E:\opencv\opencv_contrib-3.0.0\modules\xfeatures2d\src\surf.ocl.cpp">
      <Filter>Src</Filter>
    </ClCompile>
    <ClCompile Include="E:\opencv\opencv_contrib-3.0.0\modules\xfeatures2d\src\xfeatures2d_init.cpp">
      <Filter>Src</Filter>
    </ClCompile>
    <ClCompile Include="E:\opencv\VS opencv3.0 project_vs2015\modules\xfeatures2d\opencl_kernels_xfeatures2d.cpp">
      <Filter>Src\opencl\kernels\autogenerated</Filter>
    </ClCompile>
    <ClCompile Include="E:\opencv\VS opencv3.0 project_vs2015\modules\xfeatures2d\opencv_xfeatures2d_pch.cpp">
      <Filter>Source Files</Filter>
    </ClCompile>
  </ItemGroup>
  <ItemGroup>
    <ClInclude Include="E:\opencv\opencv_contrib-3.0.0\modules\xfeatures2d\include\opencv2\xfeatures2d.hpp">
      <Filter>Include\opencv2</Filter>
    </ClInclude>
    <ClInclude Include="E:\opencv\opencv_contrib-3.0.0\modules\xfeatures2d\include\opencv2\xfeatures2d\cuda.hpp">
      <Filter>Include\opencv2\xfeatures2d</Filter>
    </ClInclude>
    <ClInclude Include="E:\opencv\opencv_contrib-3.0.0\modules\xfeatures2d\include\opencv2\xfeatures2d\nonfree.hpp">
      <Filter>Include\opencv2\xfeatures2d</Filter>
    </ClInclude>
    <ClInclude Include="E:\opencv\VS opencv3.0 project_vs2015\modules\xfeatures2d\opencl_kernels_xfeatures2d.hpp">
      <Filter>Src\opencl\kernels\autogenerated</Filter>
    </ClInclude>
    <ClInclude Include="E:\opencv\opencv_contrib-3.0.0\modules\xfeatures2d\src\precomp.hpp">
      <Filter>Src</Filter>
    </ClInclude>
    <ClInclude Include="E:\opencv\opencv_contrib-3.0.0\modules\xfeatures2d\src\surf.hpp">
      <Filter>Src</Filter>
    </ClInclude>
    <ClInclude Include="E:\opencv\VS opencv3.0 project_vs2015\cvconfig.h">
      <Filter>Header Files</Filter>
    </ClInclude>
    <ClInclude Include="E:\opencv\VS opencv3.0 project_vs2015\opencv2\opencv_modules.hpp">
      <Filter>Header Files</Filter>
    </ClInclude>
  </ItemGroup>
  <ItemGroup>
    <CustomBuild Include="E:\opencv\opencv_contrib-3.0.0\modules\xfeatures2d\src\cuda\surf.cu">
      <Filter>Src\Cuda</Filter>
    </CustomBuild>
    <CustomBuild Include="E:\opencv\opencv_contrib-3.0.0\modules\xfeatures2d\CMakeLists.txt" />
    <CustomBuild Include="E:\opencv\VS opencv3.0 project_vs2015\CMakeFiles\f77314d2b1155aeb0486885dcf8b0110\opencl_kernels_xfeatures2d.cpp.rule">
      <Filter>CMake Rules</Filter>
    </CustomBuild>
  </ItemGroup>
  <ItemGroup>
    <None Include="E:\opencv\opencv_contrib-3.0.0\modules\xfeatures2d\src\opencl\surf.cl">
      <Filter>Src\opencl\kernels</Filter>
    </None>
  </ItemGroup>
  <ItemGroup>
    <Object Include="E:\opencv\VS opencv3.0 project_vs2015\modules\xfeatures2d\CMakeFiles\cuda_compile.dir\src\cuda\$(Configuration)\cuda_compile_generated_surf.cu.obj">
      <Filter>Object Files</Filter>
    </Object>
  </ItemGroup>
  <ItemGroup>
    <Filter Include="Src\Cuda">
      <UniqueIdentifier>{9C1675F1-DEAB-3D2E-97BB-6FDEE999241A}</UniqueIdentifier>
    </Filter>
    <Filter Include="Src\opencl">
      <UniqueIdentifier>{13D0ACF2-4A57-3668-BD24-FBC8A546B581}</UniqueIdentifier>
    </Filter>
    <Filter Include="Src\opencl\kernels\autogenerated">
      <UniqueIdentifier>{ED61A352-4451-37AE-973B-D0826D29A14B}</UniqueIdentifier>
    </Filter>
    <Filter Include="Include\opencv2\xfeatures2d">
      <UniqueIdentifier>{7CCA515F-8223-3518-93FA-4037BC32716E}</UniqueIdentifier>
    </Filter>
    <Filter Include="Src\opencl\kernels">
      <UniqueIdentifier>{77A1A22A-3399-3E18-8AE3-F27BC9FEB93E}</UniqueIdentifier>
    </Filter>
    <Filter Include="Include\opencv2">
      <UniqueIdentifier>{0F449E7A-DC76-3FF4-A60C-EEA14CB3EEEB}</UniqueIdentifier>
    </Filter>
    <Filter Include="Source Files">
      <UniqueIdentifier>{AE339D88-664C-3106-B8E8-6BFEAEDE8AAF}</UniqueIdentifier>
    </Filter>
    <Filter Include="Header Files">
      <UniqueIdentifier>{823C3825-3487-3DA4-94F9-C4974128303A}</UniqueIdentifier>
    </Filter>
    <Filter Include="CMake Rules">
      <UniqueIdentifier>{5976315D-64BC-3562-9870-311D8571EEAC}</UniqueIdentifier>
    </Filter>
    <Filter Include="Object Files">
      <UniqueIdentifier>{B514FEBA-8B76-3264-A986-FE6E978CE085}</UniqueIdentifier>
    </Filter>
    <Filter Include="Src">
      <UniqueIdentifier>{CACF765D-8258-325E-803C-19A45C39E41E}</UniqueIdentifier>
    </Filter>
    <Filter Include="Include">
      <UniqueIdentifier>{3052C5E0-A433-3924-9502-42A00269BCB4}</UniqueIdentifier>
    </Filter>
  </ItemGroup>
</Project>
