<?xml version="1.0" encoding="UTF-8"?>
<Project ToolsVersion="14.0" xmlns="http://schemas.microsoft.com/developer/msbuild/2003">
  <ItemGroup>
    <ClCompile Include="E:\opencv\opencv_contrib-3.0.0\modules\tracking\src\feature.cpp">
      <Filter>Src</Filter>
    </ClCompile>
    <ClCompile Include="E:\opencv\opencv_contrib-3.0.0\modules\tracking\src\onlineBoosting.cpp">
      <Filter>Src</Filter>
    </ClCompile>
    <ClCompile Include="E:\opencv\opencv_contrib-3.0.0\modules\tracking\src\onlineMIL.cpp">
      <Filter>Src</Filter>
    </ClCompile>
    <ClCompile Include="E:\opencv\opencv_contrib-3.0.0\modules\tracking\src\tld_tracker.cpp">
      <Filter>Src</Filter>
    </ClCompile>
    <ClCompile Include="E:\opencv\opencv_contrib-3.0.0\modules\tracking\src\tld_utils.cpp">
      <Filter>Src</Filter>
    </ClCompile>
    <ClCompile Include="E:\opencv\opencv_contrib-3.0.0\modules\tracking\src\tracker.cpp">
      <Filter>Src</Filter>
    </ClCompile>
    <ClCompile Include="E:\opencv\opencv_contrib-3.0.0\modules\tracking\src\trackerBoosting.cpp">
      <Filter>Src</Filter>
    </ClCompile>
    <ClCompile Include="E:\opencv\opencv_contrib-3.0.0\modules\tracking\src\trackerBoostingModel.cpp">
      <Filter>Src</Filter>
    </ClCompile>
    <ClCompile Include="E:\opencv\opencv_contrib-3.0.0\modules\tracking\src\trackerFeature.cpp">
      <Filter>Src</Filter>
    </ClCompile>
    <ClCompile Include="E:\opencv\opencv_contrib-3.0.0\modules\tracking\src\trackerFeatureSet.cpp">
      <Filter>Src</Filter>
    </ClCompile>
    <ClCompile Include="E:\opencv\opencv_contrib-3.0.0\modules\tracking\src\trackerMIL.cpp">
      <Filter>Src</Filter>
    </ClCompile>
    <ClCompile Include="E:\opencv\opencv_contrib-3.0.0\modules\tracking\src\trackerMILModel.cpp">
      <Filter>Src</Filter>
    </ClCompile>
    <ClCompile Include="E:\opencv\opencv_contrib-3.0.0\modules\tracking\src\trackerMedianFlow.cpp">
      <Filter>Src</Filter>
    </ClCompile>
    <ClCompile Include="E:\opencv\opencv_contrib-3.0.0\modules\tracking\src\trackerModel.cpp">
      <Filter>Src</Filter>
    </ClCompile>
    <ClCompile Include="E:\opencv\opencv_contrib-3.0.0\modules\tracking\src\trackerSampler.cpp">
      <Filter>Src</Filter>
    </ClCompile>
    <ClCompile Include="E:\opencv\opencv_contrib-3.0.0\modules\tracking\src\trackerSamplerAlgorithm.cpp">
      <Filter>Src</Filter>
    </ClCompile>
    <ClCompile Include="E:\opencv\opencv_contrib-3.0.0\modules\tracking\src\trackerStateEstimator.cpp">
      <Filter>Src</Filter>
    </ClCompile>
    <ClCompile Include="E:\opencv\VS opencv3.0 project_vs2015\modules\tracking\opencv_tracking_pch.cpp">
      <Filter>Source Files</Filter>
    </ClCompile>
  </ItemGroup>
  <ItemGroup>
    <ClInclude Include="E:\opencv\opencv_contrib-3.0.0\modules\tracking\include\opencv2\tracking.hpp">
      <Filter>Include\opencv2</Filter>
    </ClInclude>
    <ClInclude Include="E:\opencv\opencv_contrib-3.0.0\modules\tracking\include\opencv2\tracking\feature.hpp">
      <Filter>Include\opencv2\tracking</Filter>
    </ClInclude>
    <ClInclude Include="E:\opencv\opencv_contrib-3.0.0\modules\tracking\include\opencv2\tracking\onlineBoosting.hpp">
      <Filter>Include\opencv2\tracking</Filter>
    </ClInclude>
    <ClInclude Include="E:\opencv\opencv_contrib-3.0.0\modules\tracking\include\opencv2\tracking\onlineMIL.hpp">
      <Filter>Include\opencv2\tracking</Filter>
    </ClInclude>
    <ClInclude Include="E:\opencv\opencv_contrib-3.0.0\modules\tracking\include\opencv2\tracking\tracker.hpp">
      <Filter>Include\opencv2\tracking</Filter>
    </ClInclude>
    <ClInclude Include="E:\opencv\opencv_contrib-3.0.0\modules\tracking\include\opencv2\tracking\tracking.hpp">
      <Filter>Include\opencv2\tracking</Filter>
    </ClInclude>
    <ClInclude Include="E:\opencv\opencv_contrib-3.0.0\modules\tracking\src\PFSolver.hpp">
      <Filter>Src</Filter>
    </ClInclude>
    <ClInclude Include="E:\opencv\opencv_contrib-3.0.0\modules\tracking\src\TrackingFunctionPF.hpp">
      <Filter>Src</Filter>
    </ClInclude>
    <ClInclude Include="E:\opencv\opencv_contrib-3.0.0\modules\tracking\src\precomp.hpp">
      <Filter>Src</Filter>
    </ClInclude>
    <ClInclude Include="E:\opencv\opencv_contrib-3.0.0\modules\tracking\src\tld_tracker.hpp">
      <Filter>Src</Filter>
    </ClInclude>
    <ClInclude Include="E:\opencv\opencv_contrib-3.0.0\modules\tracking\src\trackerBoostingModel.hpp">
      <Filter>Src</Filter>
    </ClInclude>
    <ClInclude Include="E:\opencv\opencv_contrib-3.0.0\modules\tracking\src\trackerMILModel.hpp">
      <Filter>Src</Filter>
    </ClInclude>
    <ClInclude Include="E:\opencv\VS opencv3.0 project_vs2015\cvconfig.h">
      <Filter>Header Files</Filter>
    </ClInclude>
    <ClInclude Include="E:\opencv\VS opencv3.0 project_vs2015\opencv2\opencv_modules.hpp">
      <Filter>Header Files</Filter>
    </ClInclude>
  </ItemGroup>
  <ItemGroup>
    <CustomBuild Include="E:\opencv\opencv_contrib-3.0.0\modules\tracking\CMakeLists.txt" />
  </ItemGroup>
  <ItemGroup>
    <Filter Include="Include\opencv2">
      <UniqueIdentifier>{0F449E7A-DC76-3FF4-A60C-EEA14CB3EEEB}</UniqueIdentifier>
    </Filter>
    <Filter Include="Include\opencv2\tracking">
      <UniqueIdentifier>{38514F32-4F44-3578-BE76-682B0C668B8D}</UniqueIdentifier>
    </Filter>
    <Filter Include="Source Files">
      <UniqueIdentifier>{AE339D88-664C-3106-B8E8-6BFEAEDE8AAF}</UniqueIdentifier>
    </Filter>
    <Filter Include="Header Files">
      <UniqueIdentifier>{823C3825-3487-3DA4-94F9-C4974128303A}</UniqueIdentifier>
    </Filter>
    <Filter Include="Src">
      <UniqueIdentifier>{CACF765D-8258-325E-803C-19A45C39E41E}</UniqueIdentifier>
    </Filter>
    <Filter Include="Include">
      <UniqueIdentifier>{3052C5E0-A433-3924-9502-42A00269BCB4}</UniqueIdentifier>
    </Filter>
  </ItemGroup>
</Project>
