<?xml version="1.0" encoding="UTF-8"?>
<Project ToolsVersion="14.0" xmlns="http://schemas.microsoft.com/developer/msbuild/2003">
  <ItemGroup>
    <ClCompile Include="E:\opencv\opencv\sources\modules\features2d\src\agast.cpp">
      <Filter>Src</Filter>
    </ClCompile>
    <ClCompile Include="E:\opencv\opencv\sources\modules\features2d\src\agast_score.cpp">
      <Filter>Src</Filter>
    </ClCompile>
    <ClCompile Include="E:\opencv\opencv\sources\modules\features2d\src\akaze.cpp">
      <Filter>Src</Filter>
    </ClCompile>
    <ClCompile Include="E:\opencv\opencv\sources\modules\features2d\src\bagofwords.cpp">
      <Filter>Src</Filter>
    </ClCompile>
    <ClCompile Include="E:\opencv\opencv\sources\modules\features2d\src\blobdetector.cpp">
      <Filter>Src</Filter>
    </ClCompile>
    <ClCompile Include="E:\opencv\opencv\sources\modules\features2d\src\brisk.cpp">
      <Filter>Src</Filter>
    </ClCompile>
    <ClCompile Include="E:\opencv\opencv\sources\modules\features2d\src\draw.cpp">
      <Filter>Src</Filter>
    </ClCompile>
    <ClCompile Include="E:\opencv\opencv\sources\modules\features2d\src\dynamic.cpp">
      <Filter>Src</Filter>
    </ClCompile>
    <ClCompile Include="E:\opencv\opencv\sources\modules\features2d\src\evaluation.cpp">
      <Filter>Src</Filter>
    </ClCompile>
    <ClCompile Include="E:\opencv\opencv\sources\modules\features2d\src\fast.cpp">
      <Filter>Src</Filter>
    </ClCompile>
    <ClCompile Include="E:\opencv\opencv\sources\modules\features2d\src\fast_score.cpp">
      <Filter>Src</Filter>
    </ClCompile>
    <ClCompile Include="E:\opencv\opencv\sources\modules\features2d\src\feature2d.cpp">
      <Filter>Src</Filter>
    </ClCompile>
    <ClCompile Include="E:\opencv\opencv\sources\modules\features2d\src\gftt.cpp">
      <Filter>Src</Filter>
    </ClCompile>
    <ClCompile Include="E:\opencv\opencv\sources\modules\features2d\src\kaze.cpp">
      <Filter>Src</Filter>
    </ClCompile>
    <ClCompile Include="E:\opencv\opencv\sources\modules\features2d\src\kaze\AKAZEFeatures.cpp">
      <Filter>Src\kaze</Filter>
    </ClCompile>
    <ClCompile Include="E:\opencv\opencv\sources\modules\features2d\src\kaze\KAZEFeatures.cpp">
      <Filter>Src\kaze</Filter>
    </ClCompile>
    <ClCompile Include="E:\opencv\opencv\sources\modules\features2d\src\kaze\fed.cpp">
      <Filter>Src\kaze</Filter>
    </ClCompile>
    <ClCompile Include="E:\opencv\opencv\sources\modules\features2d\src\kaze\nldiffusion_functions.cpp">
      <Filter>Src\kaze</Filter>
    </ClCompile>
    <ClCompile Include="E:\opencv\opencv\sources\modules\features2d\src\keypoint.cpp">
      <Filter>Src</Filter>
    </ClCompile>
    <ClCompile Include="E:\opencv\opencv\sources\modules\features2d\src\matchers.cpp">
      <Filter>Src</Filter>
    </ClCompile>
    <ClCompile Include="E:\opencv\opencv\sources\modules\features2d\src\mser.cpp">
      <Filter>Src</Filter>
    </ClCompile>
    <ClCompile Include="E:\opencv\opencv\sources\modules\features2d\src\orb.cpp">
      <Filter>Src</Filter>
    </ClCompile>
    <ClCompile Include="E:\opencv\VS opencv3.0 project_vs2015\modules\features2d\opencl_kernels_features2d.cpp">
      <Filter>Src\opencl\kernels\autogenerated</Filter>
    </ClCompile>
    <ClCompile Include="E:\opencv\VS opencv3.0 project_vs2015\modules\features2d\opencv_features2d_pch.cpp">
      <Filter>Source Files</Filter>
    </ClCompile>
  </ItemGroup>
  <ItemGroup>
    <ClInclude Include="E:\opencv\opencv\sources\modules\features2d\include\opencv2\features2d.hpp">
      <Filter>Include\opencv2</Filter>
    </ClInclude>
    <ClInclude Include="E:\opencv\opencv\sources\modules\features2d\include\opencv2\features2d\features2d.hpp">
      <Filter>Include\opencv2\features2d</Filter>
    </ClInclude>
    <ClInclude Include="E:\opencv\VS opencv3.0 project_vs2015\modules\features2d\opencl_kernels_features2d.hpp">
      <Filter>Src\opencl\kernels\autogenerated</Filter>
    </ClInclude>
    <ClInclude Include="E:\opencv\opencv\sources\modules\features2d\src\agast_score.hpp">
      <Filter>Src</Filter>
    </ClInclude>
    <ClInclude Include="E:\opencv\opencv\sources\modules\features2d\src\fast_score.hpp">
      <Filter>Src</Filter>
    </ClInclude>
    <ClInclude Include="E:\opencv\opencv\sources\modules\features2d\src\precomp.hpp">
      <Filter>Src</Filter>
    </ClInclude>
    <ClInclude Include="E:\opencv\opencv\sources\modules\features2d\src\kaze\AKAZEConfig.h">
      <Filter>Src\kaze</Filter>
    </ClInclude>
    <ClInclude Include="E:\opencv\opencv\sources\modules\features2d\src\kaze\AKAZEFeatures.h">
      <Filter>Src\kaze</Filter>
    </ClInclude>
    <ClInclude Include="E:\opencv\opencv\sources\modules\features2d\src\kaze\KAZEConfig.h">
      <Filter>Src\kaze</Filter>
    </ClInclude>
    <ClInclude Include="E:\opencv\opencv\sources\modules\features2d\src\kaze\KAZEFeatures.h">
      <Filter>Src\kaze</Filter>
    </ClInclude>
    <ClInclude Include="E:\opencv\opencv\sources\modules\features2d\src\kaze\TEvolution.h">
      <Filter>Src\kaze</Filter>
    </ClInclude>
    <ClInclude Include="E:\opencv\opencv\sources\modules\features2d\src\kaze\fed.h">
      <Filter>Src\kaze</Filter>
    </ClInclude>
    <ClInclude Include="E:\opencv\opencv\sources\modules\features2d\src\kaze\nldiffusion_functions.h">
      <Filter>Src\kaze</Filter>
    </ClInclude>
    <ClInclude Include="E:\opencv\opencv\sources\modules\features2d\src\kaze\utils.h">
      <Filter>Src\kaze</Filter>
    </ClInclude>
    <ClInclude Include="E:\opencv\VS opencv3.0 project_vs2015\cvconfig.h">
      <Filter>Header Files</Filter>
    </ClInclude>
    <ClInclude Include="E:\opencv\VS opencv3.0 project_vs2015\opencv2\opencv_modules.hpp">
      <Filter>Header Files</Filter>
    </ClInclude>
  </ItemGroup>
  <ItemGroup>
    <CustomBuild Include="E:\opencv\opencv\sources\modules\features2d\CMakeLists.txt" />
    <CustomBuild Include="E:\opencv\VS opencv3.0 project_vs2015\CMakeFiles\6ba02f826fa46c387e70303bfd48e55f\opencl_kernels_features2d.cpp.rule">
      <Filter>CMake Rules</Filter>
    </CustomBuild>
  </ItemGroup>
  <ItemGroup>
    <None Include="E:\opencv\opencv\sources\modules\features2d\src\opencl\brute_force_match.cl">
      <Filter>Src\opencl\kernels</Filter>
    </None>
    <None Include="E:\opencv\opencv\sources\modules\features2d\src\opencl\fast.cl">
      <Filter>Src\opencl\kernels</Filter>
    </None>
    <None Include="E:\opencv\opencv\sources\modules\features2d\src\opencl\orb.cl">
      <Filter>Src\opencl\kernels</Filter>
    </None>
  </ItemGroup>
  <ItemGroup>
    <Filter Include="Src\kaze">
      <UniqueIdentifier>{CEC7A4A2-4F94-32D1-A38E-7EB591599489}</UniqueIdentifier>
    </Filter>
    <Filter Include="Src\opencl">
      <UniqueIdentifier>{13D0ACF2-4A57-3668-BD24-FBC8A546B581}</UniqueIdentifier>
    </Filter>
    <Filter Include="Src\opencl\kernels">
      <UniqueIdentifier>{77A1A22A-3399-3E18-8AE3-F27BC9FEB93E}</UniqueIdentifier>
    </Filter>
    <Filter Include="Src\opencl\kernels\autogenerated">
      <UniqueIdentifier>{ED61A352-4451-37AE-973B-D0826D29A14B}</UniqueIdentifier>
    </Filter>
    <Filter Include="Include\opencv2">
      <UniqueIdentifier>{0F449E7A-DC76-3FF4-A60C-EEA14CB3EEEB}</UniqueIdentifier>
    </Filter>
    <Filter Include="Include\opencv2\features2d">
      <UniqueIdentifier>{664F2B85-7C6D-38C4-A246-681A15832F6A}</UniqueIdentifier>
    </Filter>
    <Filter Include="Source Files">
      <UniqueIdentifier>{AE339D88-664C-3106-B8E8-6BFEAEDE8AAF}</UniqueIdentifier>
    </Filter>
    <Filter Include="Header Files">
      <UniqueIdentifier>{823C3825-3487-3DA4-94F9-C4974128303A}</UniqueIdentifier>
    </Filter>
    <Filter Include="CMake Rules">
      <UniqueIdentifier>{5976315D-64BC-3562-9870-311D8571EEAC}</UniqueIdentifier>
    </Filter>
    <Filter Include="Src">
      <UniqueIdentifier>{CACF765D-8258-325E-803C-19A45C39E41E}</UniqueIdentifier>
    </Filter>
    <Filter Include="Include">
      <UniqueIdentifier>{3052C5E0-A433-3924-9502-42A00269BCB4}</UniqueIdentifier>
    </Filter>
  </ItemGroup>
</Project>
