Microsoft Visual Studio Solution File, Format Version 12.00
# Visual Studio 14
Project("{2150E333-8FDC-42A3-9474-1A3956D46DE8}") = "3rdparty", "3rdparty", "{7793349F-5691-3F87-98AE-0B6EA57DA878}"
EndProject
Project("{2150E333-8FDC-42A3-9474-1A3956D46DE8}") = "CMakeTargets", "CMakeTargets", "{DE9B0231-ABB9-325A-AE70-FF9D0785185A}"
EndProject
Project("{2150E333-8FDC-42A3-9474-1A3956D46DE8}") = "modules", "modules", "{EC7C14A0-0C69-3443-93E6-24F8880FC538}"
EndProject
Project("{2150E333-8FDC-42A3-9474-1A3956D46DE8}") = "object_libraries", "object_libraries", "{910CC028-5918-36FA-8E13-CDA05DF926C3}"
EndProject
Project("{8BC9CEB8-8B4A-11D0-8D11-00A0C91BC942}") = "ALL_BUILD", "ALL_BUILD.vcxproj", "{13CA7544-7083-3D90-9D5F-62EA10C3B006}"
	ProjectSection(ProjectDependencies) = postProject
		{3E4A34AE-861B-3EC7-B54D-844DAFAE1C5C} = {3E4A34AE-861B-3EC7-B54D-844DAFAE1C5C}
		{CC47B383-2834-39FB-B452-B966C9D2D367} = {CC47B383-2834-39FB-B452-B966C9D2D367}
	EndProjectSection
EndProject
Project("{8BC9CEB8-8B4A-11D0-8D11-00A0C91BC942}") = "INSTALL", "INSTALL.vcxproj", "{EF472976-7FF4-3EE8-B7BB-5A3A6A366CFC}"
	ProjectSection(ProjectDependencies) = postProject
		{13CA7544-7083-3D90-9D5F-62EA10C3B006} = {13CA7544-7083-3D90-9D5F-62EA10C3B006}
		{3E4A34AE-861B-3EC7-B54D-844DAFAE1C5C} = {3E4A34AE-861B-3EC7-B54D-844DAFAE1C5C}
	EndProjectSection
EndProject
Project("{8BC9CEB8-8B4A-11D0-8D11-00A0C91BC942}") = "PACKAGE", "PACKAGE.vcxproj", "{AA00247D-44BC-3A5C-9B41-87930243D536}"
	ProjectSection(ProjectDependencies) = postProject
		{13CA7544-7083-3D90-9D5F-62EA10C3B006} = {13CA7544-7083-3D90-9D5F-62EA10C3B006}
		{3E4A34AE-861B-3EC7-B54D-844DAFAE1C5C} = {3E4A34AE-861B-3EC7-B54D-844DAFAE1C5C}
	EndProjectSection
EndProject
Project("{8BC9CEB8-8B4A-11D0-8D11-00A0C91BC942}") = "ZERO_CHECK", "..\..\\ZERO_CHECK.vcxproj", "{3E4A34AE-861B-3EC7-B54D-844DAFAE1C5C}"
	ProjectSection(ProjectDependencies) = postProject
	EndProjectSection
EndProject
Project("{8BC9CEB8-8B4A-11D0-8D11-00A0C91BC942}") = "opencv_core", "opencv_core.vcxproj", "{CC47B383-2834-39FB-B452-B966C9D2D367}"
	ProjectSection(ProjectDependencies) = postProject
		{3E4A34AE-861B-3EC7-B54D-844DAFAE1C5C} = {3E4A34AE-861B-3EC7-B54D-844DAFAE1C5C}
		{42D96F2B-BC36-32E8-A05E-AB34CDF2305E} = {42D96F2B-BC36-32E8-A05E-AB34CDF2305E}
		{A3F6ACCE-0CE7-39C8-840A-B50CF85402F5} = {A3F6ACCE-0CE7-39C8-840A-B50CF85402F5}
		{9DE97627-DA1B-33A7-A819-702C884AB2EC} = {9DE97627-DA1B-33A7-A819-702C884AB2EC}
	EndProjectSection
EndProject
Project("{8BC9CEB8-8B4A-11D0-8D11-00A0C91BC942}") = "opencv_core_object", "opencv_core_object.vcxproj", "{79EC0AAF-91FC-3B06-9554-F691597FCF1F}"
	ProjectSection(ProjectDependencies) = postProject
		{3E4A34AE-861B-3EC7-B54D-844DAFAE1C5C} = {3E4A34AE-861B-3EC7-B54D-844DAFAE1C5C}
	EndProjectSection
EndProject
Project("{8BC9CEB8-8B4A-11D0-8D11-00A0C91BC942}") = "opencv_cudev", "..\cudev\opencv_cudev.vcxproj", "{42D96F2B-BC36-32E8-A05E-AB34CDF2305E}"
	ProjectSection(ProjectDependencies) = postProject
		{3E4A34AE-861B-3EC7-B54D-844DAFAE1C5C} = {3E4A34AE-861B-3EC7-B54D-844DAFAE1C5C}
		{A3F6ACCE-0CE7-39C8-840A-B50CF85402F5} = {A3F6ACCE-0CE7-39C8-840A-B50CF85402F5}
	EndProjectSection
EndProject
Project("{8BC9CEB8-8B4A-11D0-8D11-00A0C91BC942}") = "opencv_hal", "..\hal\opencv_hal.vcxproj", "{A3F6ACCE-0CE7-39C8-840A-B50CF85402F5}"
	ProjectSection(ProjectDependencies) = postProject
		{3E4A34AE-861B-3EC7-B54D-844DAFAE1C5C} = {3E4A34AE-861B-3EC7-B54D-844DAFAE1C5C}
	EndProjectSection
EndProject
Project("{8BC9CEB8-8B4A-11D0-8D11-00A0C91BC942}") = "zlib", "..\..\3rdparty\zlib\zlib.vcxproj", "{9DE97627-DA1B-33A7-A819-702C884AB2EC}"
	ProjectSection(ProjectDependencies) = postProject
		{3E4A34AE-861B-3EC7-B54D-844DAFAE1C5C} = {3E4A34AE-861B-3EC7-B54D-844DAFAE1C5C}
	EndProjectSection
EndProject
Global
	GlobalSection(SolutionConfigurationPlatforms) = preSolution
		Debug|x64 = Debug|x64
		Release|x64 = Release|x64
	EndGlobalSection
	GlobalSection(ProjectConfigurationPlatforms) = postSolution
		{13CA7544-7083-3D90-9D5F-62EA10C3B006}.Debug|x64.ActiveCfg = Debug|x64
		{13CA7544-7083-3D90-9D5F-62EA10C3B006}.Debug|x64.Build.0 = Debug|x64
		{13CA7544-7083-3D90-9D5F-62EA10C3B006}.Release|x64.ActiveCfg = Release|x64
		{13CA7544-7083-3D90-9D5F-62EA10C3B006}.Release|x64.Build.0 = Release|x64
		{EF472976-7FF4-3EE8-B7BB-5A3A6A366CFC}.Debug|x64.ActiveCfg = Debug|x64
		{EF472976-7FF4-3EE8-B7BB-5A3A6A366CFC}.Release|x64.ActiveCfg = Release|x64
		{AA00247D-44BC-3A5C-9B41-87930243D536}.Debug|x64.ActiveCfg = Debug|x64
		{AA00247D-44BC-3A5C-9B41-87930243D536}.Release|x64.ActiveCfg = Release|x64
		{3E4A34AE-861B-3EC7-B54D-844DAFAE1C5C}.Debug|x64.ActiveCfg = Debug|x64
		{3E4A34AE-861B-3EC7-B54D-844DAFAE1C5C}.Debug|x64.Build.0 = Debug|x64
		{3E4A34AE-861B-3EC7-B54D-844DAFAE1C5C}.Release|x64.ActiveCfg = Release|x64
		{3E4A34AE-861B-3EC7-B54D-844DAFAE1C5C}.Release|x64.Build.0 = Release|x64
		{CC47B383-2834-39FB-B452-B966C9D2D367}.Debug|x64.ActiveCfg = Debug|x64
		{CC47B383-2834-39FB-B452-B966C9D2D367}.Debug|x64.Build.0 = Debug|x64
		{CC47B383-2834-39FB-B452-B966C9D2D367}.Release|x64.ActiveCfg = Release|x64
		{CC47B383-2834-39FB-B452-B966C9D2D367}.Release|x64.Build.0 = Release|x64
		{79EC0AAF-91FC-3B06-9554-F691597FCF1F}.Debug|x64.ActiveCfg = Debug|x64
		{79EC0AAF-91FC-3B06-9554-F691597FCF1F}.Release|x64.ActiveCfg = Release|x64
		{42D96F2B-BC36-32E8-A05E-AB34CDF2305E}.Debug|x64.ActiveCfg = Debug|x64
		{42D96F2B-BC36-32E8-A05E-AB34CDF2305E}.Debug|x64.Build.0 = Debug|x64
		{42D96F2B-BC36-32E8-A05E-AB34CDF2305E}.Release|x64.ActiveCfg = Release|x64
		{42D96F2B-BC36-32E8-A05E-AB34CDF2305E}.Release|x64.Build.0 = Release|x64
		{A3F6ACCE-0CE7-39C8-840A-B50CF85402F5}.Debug|x64.ActiveCfg = Debug|x64
		{A3F6ACCE-0CE7-39C8-840A-B50CF85402F5}.Debug|x64.Build.0 = Debug|x64
		{A3F6ACCE-0CE7-39C8-840A-B50CF85402F5}.Release|x64.ActiveCfg = Release|x64
		{A3F6ACCE-0CE7-39C8-840A-B50CF85402F5}.Release|x64.Build.0 = Release|x64
		{9DE97627-DA1B-33A7-A819-702C884AB2EC}.Debug|x64.ActiveCfg = Debug|x64
		{9DE97627-DA1B-33A7-A819-702C884AB2EC}.Debug|x64.Build.0 = Debug|x64
		{9DE97627-DA1B-33A7-A819-702C884AB2EC}.Release|x64.ActiveCfg = Release|x64
		{9DE97627-DA1B-33A7-A819-702C884AB2EC}.Release|x64.Build.0 = Release|x64
	EndGlobalSection
	GlobalSection(NestedProjects) = preSolution
		{9DE97627-DA1B-33A7-A819-702C884AB2EC} = {7793349F-5691-3F87-98AE-0B6EA57DA878}
		{13CA7544-7083-3D90-9D5F-62EA10C3B006} = {DE9B0231-ABB9-325A-AE70-FF9D0785185A}
		{EF472976-7FF4-3EE8-B7BB-5A3A6A366CFC} = {DE9B0231-ABB9-325A-AE70-FF9D0785185A}
		{AA00247D-44BC-3A5C-9B41-87930243D536} = {DE9B0231-ABB9-325A-AE70-FF9D0785185A}
		{3E4A34AE-861B-3EC7-B54D-844DAFAE1C5C} = {DE9B0231-ABB9-325A-AE70-FF9D0785185A}
		{CC47B383-2834-39FB-B452-B966C9D2D367} = {EC7C14A0-0C69-3443-93E6-24F8880FC538}
		{42D96F2B-BC36-32E8-A05E-AB34CDF2305E} = {EC7C14A0-0C69-3443-93E6-24F8880FC538}
		{A3F6ACCE-0CE7-39C8-840A-B50CF85402F5} = {EC7C14A0-0C69-3443-93E6-24F8880FC538}
		{79EC0AAF-91FC-3B06-9554-F691597FCF1F} = {910CC028-5918-36FA-8E13-CDA05DF926C3}
	EndGlobalSection
	GlobalSection(ExtensibilityGlobals) = postSolution
	EndGlobalSection
	GlobalSection(ExtensibilityAddIns) = postSolution
	EndGlobalSection
EndGlobal
