<?xml version="1.0" encoding="UTF-8"?>
<Project ToolsVersion="14.0" xmlns="http://schemas.microsoft.com/developer/msbuild/2003">
  <ItemGroup>
    <ClCompile Include="E:\opencv\opencv_contrib-3.0.0\modules\ximgproc\src\adaptive_manifold_filter_n.cpp">
      <Filter>Src</Filter>
    </ClCompile>
    <ClCompile Include="E:\opencv\opencv_contrib-3.0.0\modules\ximgproc\src\domain_transform.cpp">
      <Filter>Src</Filter>
    </ClCompile>
    <ClCompile Include="E:\opencv\opencv_contrib-3.0.0\modules\ximgproc\src\dtfilter_cpu.cpp">
      <Filter>Src</Filter>
    </ClCompile>
    <ClCompile Include="E:\opencv\opencv_contrib-3.0.0\modules\ximgproc\src\edgeaware_filters_common.cpp">
      <Filter>Src</Filter>
    </ClCompile>
    <ClCompile Include="E:\opencv\opencv_contrib-3.0.0\modules\ximgproc\src\guided_filter.cpp">
      <Filter>Src</Filter>
    </ClCompile>
    <ClCompile Include="E:\opencv\opencv_contrib-3.0.0\modules\ximgproc\src\joint_bilateral_filter.cpp">
      <Filter>Src</Filter>
    </ClCompile>
    <ClCompile Include="E:\opencv\opencv_contrib-3.0.0\modules\ximgproc\src\seeds.cpp">
      <Filter>Src</Filter>
    </ClCompile>
    <ClCompile Include="E:\opencv\opencv_contrib-3.0.0\modules\ximgproc\src\structured_edge_detection.cpp">
      <Filter>Src</Filter>
    </ClCompile>
    <ClCompile Include="E:\opencv\VS opencv3.0 project_vs2015\modules\ximgproc\opencv_ximgproc_pch.cpp">
      <Filter>Source Files</Filter>
    </ClCompile>
  </ItemGroup>
  <ItemGroup>
    <ClInclude Include="E:\opencv\opencv_contrib-3.0.0\modules\ximgproc\include\opencv2\ximgproc.hpp">
      <Filter>Include\opencv2</Filter>
    </ClInclude>
    <ClInclude Include="E:\opencv\opencv_contrib-3.0.0\modules\ximgproc\include\opencv2\ximgproc\edge_filter.hpp">
      <Filter>Include\opencv2\ximgproc</Filter>
    </ClInclude>
    <ClInclude Include="E:\opencv\opencv_contrib-3.0.0\modules\ximgproc\include\opencv2\ximgproc\seeds.hpp">
      <Filter>Include\opencv2\ximgproc</Filter>
    </ClInclude>
    <ClInclude Include="E:\opencv\opencv_contrib-3.0.0\modules\ximgproc\include\opencv2\ximgproc\structured_edge_detection.hpp">
      <Filter>Include\opencv2\ximgproc</Filter>
    </ClInclude>
    <ClInclude Include="E:\opencv\opencv_contrib-3.0.0\modules\ximgproc\src\advanced_types.hpp">
      <Filter>Src</Filter>
    </ClInclude>
    <ClInclude Include="E:\opencv\opencv_contrib-3.0.0\modules\ximgproc\src\dtfilter_cpu.hpp">
      <Filter>Src</Filter>
    </ClInclude>
    <ClInclude Include="E:\opencv\opencv_contrib-3.0.0\modules\ximgproc\src\dtfilter_cpu.inl.hpp">
      <Filter>Src</Filter>
    </ClInclude>
    <ClInclude Include="E:\opencv\opencv_contrib-3.0.0\modules\ximgproc\src\edgeaware_filters_common.hpp">
      <Filter>Src</Filter>
    </ClInclude>
    <ClInclude Include="E:\opencv\opencv_contrib-3.0.0\modules\ximgproc\src\precomp.hpp">
      <Filter>Src</Filter>
    </ClInclude>
    <ClInclude Include="E:\opencv\VS opencv3.0 project_vs2015\cvconfig.h">
      <Filter>Header Files</Filter>
    </ClInclude>
    <ClInclude Include="E:\opencv\VS opencv3.0 project_vs2015\opencv2\opencv_modules.hpp">
      <Filter>Header Files</Filter>
    </ClInclude>
  </ItemGroup>
  <ItemGroup>
    <CustomBuild Include="E:\opencv\opencv_contrib-3.0.0\modules\ximgproc\CMakeLists.txt" />
  </ItemGroup>
  <ItemGroup>
    <Filter Include="Include\opencv2">
      <UniqueIdentifier>{0F449E7A-DC76-3FF4-A60C-EEA14CB3EEEB}</UniqueIdentifier>
    </Filter>
    <Filter Include="Include\opencv2\ximgproc">
      <UniqueIdentifier>{54828F28-FE9B-3CE9-9524-49363A3B2BD6}</UniqueIdentifier>
    </Filter>
    <Filter Include="Source Files">
      <UniqueIdentifier>{AE339D88-664C-3106-B8E8-6BFEAEDE8AAF}</UniqueIdentifier>
    </Filter>
    <Filter Include="Header Files">
      <UniqueIdentifier>{823C3825-3487-3DA4-94F9-C4974128303A}</UniqueIdentifier>
    </Filter>
    <Filter Include="Src">
      <UniqueIdentifier>{CACF765D-8258-325E-803C-19A45C39E41E}</UniqueIdentifier>
    </Filter>
    <Filter Include="Include">
      <UniqueIdentifier>{3052C5E0-A433-3924-9502-42A00269BCB4}</UniqueIdentifier>
    </Filter>
  </ItemGroup>
</Project>
