<?xml version="1.0" encoding="UTF-8"?>
<Project ToolsVersion="14.0" xmlns="http://schemas.microsoft.com/developer/msbuild/2003">
  <ItemGroup>
    <ClCompile Include="E:\opencv\opencv\sources\modules\cudev\src\stub.cpp">
      <Filter>Source Files</Filter>
    </ClCompile>
  </ItemGroup>
  <ItemGroup>
    <ClInclude Include="E:\opencv\opencv\sources\modules\cudev\include\opencv2\cudev.hpp">
      <Filter>Header Files</Filter>
    </ClInclude>
    <ClInclude Include="E:\opencv\opencv\sources\modules\cudev\include\opencv2\cudev\block\block.hpp">
      <Filter>Header Files</Filter>
    </ClInclude>
    <ClInclude Include="E:\opencv\opencv\sources\modules\cudev\include\opencv2\cudev\block\detail\reduce.hpp">
      <Filter>Header Files</Filter>
    </ClInclude>
    <ClInclude Include="E:\opencv\opencv\sources\modules\cudev\include\opencv2\cudev\block\detail\reduce_key_val.hpp">
      <Filter>Header Files</Filter>
    </ClInclude>
    <ClInclude Include="E:\opencv\opencv\sources\modules\cudev\include\opencv2\cudev\block\dynamic_smem.hpp">
      <Filter>Header Files</Filter>
    </ClInclude>
    <ClInclude Include="E:\opencv\opencv\sources\modules\cudev\include\opencv2\cudev\block\reduce.hpp">
      <Filter>Header Files</Filter>
    </ClInclude>
    <ClInclude Include="E:\opencv\opencv\sources\modules\cudev\include\opencv2\cudev\block\scan.hpp">
      <Filter>Header Files</Filter>
    </ClInclude>
    <ClInclude Include="E:\opencv\opencv\sources\modules\cudev\include\opencv2\cudev\block\vec_distance.hpp">
      <Filter>Header Files</Filter>
    </ClInclude>
    <ClInclude Include="E:\opencv\opencv\sources\modules\cudev\include\opencv2\cudev\common.hpp">
      <Filter>Header Files</Filter>
    </ClInclude>
    <ClInclude Include="E:\opencv\opencv\sources\modules\cudev\include\opencv2\cudev\expr\binary_func.hpp">
      <Filter>Header Files</Filter>
    </ClInclude>
    <ClInclude Include="E:\opencv\opencv\sources\modules\cudev\include\opencv2\cudev\expr\binary_op.hpp">
      <Filter>Header Files</Filter>
    </ClInclude>
    <ClInclude Include="E:\opencv\opencv\sources\modules\cudev\include\opencv2\cudev\expr\color.hpp">
      <Filter>Header Files</Filter>
    </ClInclude>
    <ClInclude Include="E:\opencv\opencv\sources\modules\cudev\include\opencv2\cudev\expr\deriv.hpp">
      <Filter>Header Files</Filter>
    </ClInclude>
    <ClInclude Include="E:\opencv\opencv\sources\modules\cudev\include\opencv2\cudev\expr\expr.hpp">
      <Filter>Header Files</Filter>
    </ClInclude>
    <ClInclude Include="E:\opencv\opencv\sources\modules\cudev\include\opencv2\cudev\expr\per_element_func.hpp">
      <Filter>Header Files</Filter>
    </ClInclude>
    <ClInclude Include="E:\opencv\opencv\sources\modules\cudev\include\opencv2\cudev\expr\reduction.hpp">
      <Filter>Header Files</Filter>
    </ClInclude>
    <ClInclude Include="E:\opencv\opencv\sources\modules\cudev\include\opencv2\cudev\expr\unary_func.hpp">
      <Filter>Header Files</Filter>
    </ClInclude>
    <ClInclude Include="E:\opencv\opencv\sources\modules\cudev\include\opencv2\cudev\expr\unary_op.hpp">
      <Filter>Header Files</Filter>
    </ClInclude>
    <ClInclude Include="E:\opencv\opencv\sources\modules\cudev\include\opencv2\cudev\expr\warping.hpp">
      <Filter>Header Files</Filter>
    </ClInclude>
    <ClInclude Include="E:\opencv\opencv\sources\modules\cudev\include\opencv2\cudev\functional\color_cvt.hpp">
      <Filter>Header Files</Filter>
    </ClInclude>
    <ClInclude Include="E:\opencv\opencv\sources\modules\cudev\include\opencv2\cudev\functional\detail\color_cvt.hpp">
      <Filter>Header Files</Filter>
    </ClInclude>
    <ClInclude Include="E:\opencv\opencv\sources\modules\cudev\include\opencv2\cudev\functional\functional.hpp">
      <Filter>Header Files</Filter>
    </ClInclude>
    <ClInclude Include="E:\opencv\opencv\sources\modules\cudev\include\opencv2\cudev\functional\tuple_adapter.hpp">
      <Filter>Header Files</Filter>
    </ClInclude>
    <ClInclude Include="E:\opencv\opencv\sources\modules\cudev\include\opencv2\cudev\grid\copy.hpp">
      <Filter>Header Files</Filter>
    </ClInclude>
    <ClInclude Include="E:\opencv\opencv\sources\modules\cudev\include\opencv2\cudev\grid\detail\copy.hpp">
      <Filter>Header Files</Filter>
    </ClInclude>
    <ClInclude Include="E:\opencv\opencv\sources\modules\cudev\include\opencv2\cudev\grid\detail\histogram.hpp">
      <Filter>Header Files</Filter>
    </ClInclude>
    <ClInclude Include="E:\opencv\opencv\sources\modules\cudev\include\opencv2\cudev\grid\detail\integral.hpp">
      <Filter>Header Files</Filter>
    </ClInclude>
    <ClInclude Include="E:\opencv\opencv\sources\modules\cudev\include\opencv2\cudev\grid\detail\minmaxloc.hpp">
      <Filter>Header Files</Filter>
    </ClInclude>
    <ClInclude Include="E:\opencv\opencv\sources\modules\cudev\include\opencv2\cudev\grid\detail\pyr_down.hpp">
      <Filter>Header Files</Filter>
    </ClInclude>
    <ClInclude Include="E:\opencv\opencv\sources\modules\cudev\include\opencv2\cudev\grid\detail\pyr_up.hpp">
      <Filter>Header Files</Filter>
    </ClInclude>
    <ClInclude Include="E:\opencv\opencv\sources\modules\cudev\include\opencv2\cudev\grid\detail\reduce.hpp">
      <Filter>Header Files</Filter>
    </ClInclude>
    <ClInclude Include="E:\opencv\opencv\sources\modules\cudev\include\opencv2\cudev\grid\detail\reduce_to_column.hpp">
      <Filter>Header Files</Filter>
    </ClInclude>
    <ClInclude Include="E:\opencv\opencv\sources\modules\cudev\include\opencv2\cudev\grid\detail\reduce_to_row.hpp">
      <Filter>Header Files</Filter>
    </ClInclude>
    <ClInclude Include="E:\opencv\opencv\sources\modules\cudev\include\opencv2\cudev\grid\detail\split_merge.hpp">
      <Filter>Header Files</Filter>
    </ClInclude>
    <ClInclude Include="E:\opencv\opencv\sources\modules\cudev\include\opencv2\cudev\grid\detail\transform.hpp">
      <Filter>Header Files</Filter>
    </ClInclude>
    <ClInclude Include="E:\opencv\opencv\sources\modules\cudev\include\opencv2\cudev\grid\detail\transpose.hpp">
      <Filter>Header Files</Filter>
    </ClInclude>
    <ClInclude Include="E:\opencv\opencv\sources\modules\cudev\include\opencv2\cudev\grid\histogram.hpp">
      <Filter>Header Files</Filter>
    </ClInclude>
    <ClInclude Include="E:\opencv\opencv\sources\modules\cudev\include\opencv2\cudev\grid\integral.hpp">
      <Filter>Header Files</Filter>
    </ClInclude>
    <ClInclude Include="E:\opencv\opencv\sources\modules\cudev\include\opencv2\cudev\grid\pyramids.hpp">
      <Filter>Header Files</Filter>
    </ClInclude>
    <ClInclude Include="E:\opencv\opencv\sources\modules\cudev\include\opencv2\cudev\grid\reduce.hpp">
      <Filter>Header Files</Filter>
    </ClInclude>
    <ClInclude Include="E:\opencv\opencv\sources\modules\cudev\include\opencv2\cudev\grid\reduce_to_vec.hpp">
      <Filter>Header Files</Filter>
    </ClInclude>
    <ClInclude Include="E:\opencv\opencv\sources\modules\cudev\include\opencv2\cudev\grid\split_merge.hpp">
      <Filter>Header Files</Filter>
    </ClInclude>
    <ClInclude Include="E:\opencv\opencv\sources\modules\cudev\include\opencv2\cudev\grid\transform.hpp">
      <Filter>Header Files</Filter>
    </ClInclude>
    <ClInclude Include="E:\opencv\opencv\sources\modules\cudev\include\opencv2\cudev\grid\transpose.hpp">
      <Filter>Header Files</Filter>
    </ClInclude>
    <ClInclude Include="E:\opencv\opencv\sources\modules\cudev\include\opencv2\cudev\ptr2d\constant.hpp">
      <Filter>Header Files</Filter>
    </ClInclude>
    <ClInclude Include="E:\opencv\opencv\sources\modules\cudev\include\opencv2\cudev\ptr2d\deriv.hpp">
      <Filter>Header Files</Filter>
    </ClInclude>
    <ClInclude Include="E:\opencv\opencv\sources\modules\cudev\include\opencv2\cudev\ptr2d\detail\gpumat.hpp">
      <Filter>Header Files</Filter>
    </ClInclude>
    <ClInclude Include="E:\opencv\opencv\sources\modules\cudev\include\opencv2\cudev\ptr2d\extrapolation.hpp">
      <Filter>Header Files</Filter>
    </ClInclude>
    <ClInclude Include="E:\opencv\opencv\sources\modules\cudev\include\opencv2\cudev\ptr2d\glob.hpp">
      <Filter>Header Files</Filter>
    </ClInclude>
    <ClInclude Include="E:\opencv\opencv\sources\modules\cudev\include\opencv2\cudev\ptr2d\gpumat.hpp">
      <Filter>Header Files</Filter>
    </ClInclude>
    <ClInclude Include="E:\opencv\opencv\sources\modules\cudev\include\opencv2\cudev\ptr2d\interpolation.hpp">
      <Filter>Header Files</Filter>
    </ClInclude>
    <ClInclude Include="E:\opencv\opencv\sources\modules\cudev\include\opencv2\cudev\ptr2d\lut.hpp">
      <Filter>Header Files</Filter>
    </ClInclude>
    <ClInclude Include="E:\opencv\opencv\sources\modules\cudev\include\opencv2\cudev\ptr2d\mask.hpp">
      <Filter>Header Files</Filter>
    </ClInclude>
    <ClInclude Include="E:\opencv\opencv\sources\modules\cudev\include\opencv2\cudev\ptr2d\remap.hpp">
      <Filter>Header Files</Filter>
    </ClInclude>
    <ClInclude Include="E:\opencv\opencv\sources\modules\cudev\include\opencv2\cudev\ptr2d\resize.hpp">
      <Filter>Header Files</Filter>
    </ClInclude>
    <ClInclude Include="E:\opencv\opencv\sources\modules\cudev\include\opencv2\cudev\ptr2d\texture.hpp">
      <Filter>Header Files</Filter>
    </ClInclude>
    <ClInclude Include="E:\opencv\opencv\sources\modules\cudev\include\opencv2\cudev\ptr2d\traits.hpp">
      <Filter>Header Files</Filter>
    </ClInclude>
    <ClInclude Include="E:\opencv\opencv\sources\modules\cudev\include\opencv2\cudev\ptr2d\transform.hpp">
      <Filter>Header Files</Filter>
    </ClInclude>
    <ClInclude Include="E:\opencv\opencv\sources\modules\cudev\include\opencv2\cudev\ptr2d\warping.hpp">
      <Filter>Header Files</Filter>
    </ClInclude>
    <ClInclude Include="E:\opencv\opencv\sources\modules\cudev\include\opencv2\cudev\ptr2d\zip.hpp">
      <Filter>Header Files</Filter>
    </ClInclude>
    <ClInclude Include="E:\opencv\opencv\sources\modules\cudev\include\opencv2\cudev\util\atomic.hpp">
      <Filter>Header Files</Filter>
    </ClInclude>
    <ClInclude Include="E:\opencv\opencv\sources\modules\cudev\include\opencv2\cudev\util\detail\tuple.hpp">
      <Filter>Header Files</Filter>
    </ClInclude>
    <ClInclude Include="E:\opencv\opencv\sources\modules\cudev\include\opencv2\cudev\util\detail\type_traits.hpp">
      <Filter>Header Files</Filter>
    </ClInclude>
    <ClInclude Include="E:\opencv\opencv\sources\modules\cudev\include\opencv2\cudev\util\limits.hpp">
      <Filter>Header Files</Filter>
    </ClInclude>
    <ClInclude Include="E:\opencv\opencv\sources\modules\cudev\include\opencv2\cudev\util\saturate_cast.hpp">
      <Filter>Header Files</Filter>
    </ClInclude>
    <ClInclude Include="E:\opencv\opencv\sources\modules\cudev\include\opencv2\cudev\util\simd_functions.hpp">
      <Filter>Header Files</Filter>
    </ClInclude>
    <ClInclude Include="E:\opencv\opencv\sources\modules\cudev\include\opencv2\cudev\util\tuple.hpp">
      <Filter>Header Files</Filter>
    </ClInclude>
    <ClInclude Include="E:\opencv\opencv\sources\modules\cudev\include\opencv2\cudev\util\type_traits.hpp">
      <Filter>Header Files</Filter>
    </ClInclude>
    <ClInclude Include="E:\opencv\opencv\sources\modules\cudev\include\opencv2\cudev\util\vec_math.hpp">
      <Filter>Header Files</Filter>
    </ClInclude>
    <ClInclude Include="E:\opencv\opencv\sources\modules\cudev\include\opencv2\cudev\util\vec_traits.hpp">
      <Filter>Header Files</Filter>
    </ClInclude>
    <ClInclude Include="E:\opencv\opencv\sources\modules\cudev\include\opencv2\cudev\warp\detail\reduce.hpp">
      <Filter>Header Files</Filter>
    </ClInclude>
    <ClInclude Include="E:\opencv\opencv\sources\modules\cudev\include\opencv2\cudev\warp\detail\reduce_key_val.hpp">
      <Filter>Header Files</Filter>
    </ClInclude>
    <ClInclude Include="E:\opencv\opencv\sources\modules\cudev\include\opencv2\cudev\warp\reduce.hpp">
      <Filter>Header Files</Filter>
    </ClInclude>
    <ClInclude Include="E:\opencv\opencv\sources\modules\cudev\include\opencv2\cudev\warp\scan.hpp">
      <Filter>Header Files</Filter>
    </ClInclude>
    <ClInclude Include="E:\opencv\opencv\sources\modules\cudev\include\opencv2\cudev\warp\shuffle.hpp">
      <Filter>Header Files</Filter>
    </ClInclude>
    <ClInclude Include="E:\opencv\opencv\sources\modules\cudev\include\opencv2\cudev\warp\warp.hpp">
      <Filter>Header Files</Filter>
    </ClInclude>
    <ClInclude Include="E:\opencv\VS opencv3.0 project_vs2015\cvconfig.h">
      <Filter>Header Files</Filter>
    </ClInclude>
    <ClInclude Include="E:\opencv\VS opencv3.0 project_vs2015\opencv2\opencv_modules.hpp">
      <Filter>Header Files</Filter>
    </ClInclude>
  </ItemGroup>
  <ItemGroup>
    <CustomBuild Include="E:\opencv\opencv\sources\modules\cudev\CMakeLists.txt" />
  </ItemGroup>
  <ItemGroup>
    <Filter Include="Source Files">
      <UniqueIdentifier>{AE339D88-664C-3106-B8E8-6BFEAEDE8AAF}</UniqueIdentifier>
    </Filter>
    <Filter Include="Header Files">
      <UniqueIdentifier>{823C3825-3487-3DA4-94F9-C4974128303A}</UniqueIdentifier>
    </Filter>
  </ItemGroup>
</Project>
